// !$*UTF8*$!
{
	archiveVersion = 1;
	classes = {
	};
	objectVersion = 46;
	objects = {

/* Begin PBXBuildFile section */
		5D0B8B491C3FB70B005F5C1C /* main.m in Sources */ = {isa = PBXBuildFile; fileRef = 5D0B8B481C3FB70B005F5C1C /* main.m */; };
		5D0B8B4C1C3FB70B005F5C1C /* AppDelegate.m in Sources */ = {isa = PBXBuildFile; fileRef = 5D0B8B4B1C3FB70B005F5C1C /* AppDelegate.m */; };
		5D0B8B4F1C3FB70B005F5C1C /* GameScene.m in Sources */ = {isa = PBXBuildFile; fileRef = 5D0B8B4E1C3FB70B005F5C1C /* GameScene.m */; };
		5D0B8B511C3FB70B005F5C1C /* GameScene.sks in Resources */ = {isa = PBXBuildFile; fileRef = 5D0B8B501C3FB70B005F5C1C /* GameScene.sks */; };
		5D0B8B541C3FB70B005F5C1C /* GameViewController.m in Sources */ = {isa = PBXBuildFile; fileRef = 5D0B8B531C3FB70B005F5C1C /* GameViewController.m */; };
		5D0B8B571C3FB70B005F5C1C /* Main.storyboard in Resources */ = {isa = PBXBuildFile; fileRef = 5D0B8B551C3FB70B005F5C1C /* Main.storyboard */; };
		5D0B8B591C3FB70C005F5C1C /* Assets.xcassets in Resources */ = {isa = PBXBuildFile; fileRef = 5D0B8B581C3FB70C005F5C1C /* Assets.xcassets */; };
		5D0B8B5C1C3FB70C005F5C1C /* LaunchScreen.storyboard in Resources */ = {isa = PBXBuildFile; fileRef = 5D0B8B5A1C3FB70C005F5C1C /* LaunchScreen.storyboard */; };
		5D0B8B681C3FCC9F005F5C1C /* LFCGzipUtility.m in Sources */ = {isa = PBXBuildFile; fileRef = 5D0B8B671C3FCC9F005F5C1C /* LFCGzipUtility.m */; };
		5D0B8B6B1C3FCCB7005F5C1C /* JSTileMap.m in Sources */ = {isa = PBXBuildFile; fileRef = 5D0B8B6A1C3FCCB7005F5C1C /* JSTileMap.m */; };
		5D0B8B7E1C3FDBA9005F5C1C /* p1_walk01.png in Resources */ = {isa = PBXBuildFile; fileRef = 5D0B8B731C3FDBA9005F5C1C /* p1_walk01.png */; };
		5D0B8B7F1C3FDBA9005F5C1C /* p1_walk02.png in Resources */ = {isa = PBXBuildFile; fileRef = 5D0B8B741C3FDBA9005F5C1C /* p1_walk02.png */; };
		5D0B8B801C3FDBA9005F5C1C /* p1_walk03.png in Resources */ = {isa = PBXBuildFile; fileRef = 5D0B8B751C3FDBA9005F5C1C /* p1_walk03.png */; };
		5D0B8B811C3FDBA9005F5C1C /* p1_walk04.png in Resources */ = {isa = PBXBuildFile; fileRef = 5D0B8B761C3FDBA9005F5C1C /* p1_walk04.png */; };
		5D0B8B821C3FDBA9005F5C1C /* p1_walk05.png in Resources */ = {isa = PBXBuildFile; fileRef = 5D0B8B771C3FDBA9005F5C1C /* p1_walk05.png */; };
		5D0B8B831C3FDBA9005F5C1C /* p1_walk06.png in Resources */ = {isa = PBXBuildFile; fileRef = 5D0B8B781C3FDBA9005F5C1C /* p1_walk06.png */; };
		5D0B8B841C3FDBA9005F5C1C /* p1_walk07.png in Resources */ = {isa = PBXBuildFile; fileRef = 5D0B8B791C3FDBA9005F5C1C /* p1_walk07.png */; };
		5D0B8B851C3FDBA9005F5C1C /* p1_walk08.png in Resources */ = {isa = PBXBuildFile; fileRef = 5D0B8B7A1C3FDBA9005F5C1C /* p1_walk08.png */; };
		5D0B8B861C3FDBA9005F5C1C /* p1_walk09.png in Resources */ = {isa = PBXBuildFile; fileRef = 5D0B8B7B1C3FDBA9005F5C1C /* p1_walk09.png */; };
		5D0B8B871C3FDBA9005F5C1C /* p1_walk10.png in Resources */ = {isa = PBXBuildFile; fileRef = 5D0B8B7C1C3FDBA9005F5C1C /* p1_walk10.png */; };
		5D0B8B881C3FDBA9005F5C1C /* p1_walk11.png in Resources */ = {isa = PBXBuildFile; fileRef = 5D0B8B7D1C3FDBA9005F5C1C /* p1_walk11.png */; };
		5D0B8B8C1C3FDBDA005F5C1C /* p1_hurt.png in Resources */ = {isa = PBXBuildFile; fileRef = 5D0B8B8A1C3FDBDA005F5C1C /* p1_hurt.png */; };
		5D0B8B8D1C3FDBDA005F5C1C /* p1_jump.png in Resources */ = {isa = PBXBuildFile; fileRef = 5D0B8B8B1C3FDBDA005F5C1C /* p1_jump.png */; };
		5D0B8B901C3FDC2B005F5C1C /* Player.m in Sources */ = {isa = PBXBuildFile; fileRef = 5D0B8B8F1C3FDC2B005F5C1C /* Player.m */; };
		5D0B8B941C3FDD2C005F5C1C /* libz.tbd in Frameworks */ = {isa = PBXBuildFile; fileRef = 5D0B8B931C3FDD2C005F5C1C /* libz.tbd */; };
		5D0B8BA21C43A62E005F5C1C /* caveAtlas.png in Resources */ = {isa = PBXBuildFile; fileRef = 5D0B8BA11C43A62E005F5C1C /* caveAtlas.png */; };
		5D0B8BA41C43A634005F5C1C /* Level1.tmx in Resources */ = {isa = PBXBuildFile; fileRef = 5D0B8BA31C43A634005F5C1C /* Level1.tmx */; };
		5D0B8BA81C43AABC005F5C1C /* Level2.tmx in Resources */ = {isa = PBXBuildFile; fileRef = 5D0B8BA71C43AABC005F5C1C /* Level2.tmx */; };
		5D0B8BAA1C43AADE005F5C1C /* cobbleset-64_0.png in Resources */ = {isa = PBXBuildFile; fileRef = 5D0B8BA91C43AADE005F5C1C /* cobbleset-64_0.png */; };
		5D0B8BB91C43E8E3005F5C1C /* ButtonAgain@2x.png in Resources */ = {isa = PBXBuildFile; fileRef = 5D0B8BAC1C43E8E3005F5C1C /* ButtonAgain@2x.png */; };
		5D0B8BBA1C43E8E3005F5C1C /* ButtonLevel@2x.png in Resources */ = {isa = PBXBuildFile; fileRef = 5D0B8BAD1C43E8E3005F5C1C /* ButtonLevel@2x.png */; };
		5D0B8BBB1C43E8E3005F5C1C /* ButtonPlay@2x.png in Resources */ = {isa = PBXBuildFile; fileRef = 5D0B8BAE1C43E8E3005F5C1C /* ButtonPlay@2x.png */; };
		5D0B8BBC1C43E8E3005F5C1C /* Level1@2x.png in Resources */ = {isa = PBXBuildFile; fileRef = 5D0B8BAF1C43E8E3005F5C1C /* Level1@2x.png */; };
		5D0B8BBD1C43E8E3005F5C1C /* Level2@2x.png in Resources */ = {isa = PBXBuildFile; fileRef = 5D0B8BB01C43E8E3005F5C1C /* Level2@2x.png */; };
		5D0B8BBE1C43E8E3005F5C1C /* Level3@2x.png in Resources */ = {isa = PBXBuildFile; fileRef = 5D0B8BB11C43E8E3005F5C1C /* Level3@2x.png */; };
		5D0B8BBF1C43E8E3005F5C1C /* LevelLocked@2x.png in Resources */ = {isa = PBXBuildFile; fileRef = 5D0B8BB21C43E8E3005F5C1C /* LevelLocked@2x.png */; };
		5D0B8BC01C43E8E3005F5C1C /* Click.caf in Resources */ = {isa = PBXBuildFile; fileRef = 5D0B8BB41C43E8E3005F5C1C /* Click.caf */; };
		5D0B8BC11C43E8E3005F5C1C /* Collect.caf in Resources */ = {isa = PBXBuildFile; fileRef = 5D0B8BB51C43E8E3005F5C1C /* Collect.caf */; };
		5D0B8BC21C43E8E3005F5C1C /* Crunch.caf in Resources */ = {isa = PBXBuildFile; fileRef = 5D0B8BB61C43E8E3005F5C1C /* Crunch.caf */; };
		5D0B8BC31C43E8E3005F5C1C /* Engine.caf in Resources */ = {isa = PBXBuildFile; fileRef = 5D0B8BB71C43E8E3005F5C1C /* Engine.caf */; };
		5D0B8BC41C43E8E3005F5C1C /* Rain.caf in Resources */ = {isa = PBXBuildFile; fileRef = 5D0B8BB81C43E8E3005F5C1C /* Rain.caf */; };
		5D0B8BC71C43E94B005F5C1C /* MainMenuScene.m in Sources */ = {isa = PBXBuildFile; fileRef = 5D0B8BC61C43E94B005F5C1C /* MainMenuScene.m */; };
		5D0B8BCA1C43EB94005F5C1C /* TPButton.m in Sources */ = {isa = PBXBuildFile; fileRef = 5D0B8BC91C43EB94005F5C1C /* TPButton.m */; };
		5D0B8BCD1C43EC60005F5C1C /* SoundManager.m in Sources */ = {isa = PBXBuildFile; fileRef = 5D0B8BCC1C43EC60005F5C1C /* SoundManager.m */; };
		5D0B8BD01C43EF20005F5C1C /* LevelSelection.m in Sources */ = {isa = PBXBuildFile; fileRef = 5D0B8BCF1C43EF20005F5C1C /* LevelSelection.m */; };
/* End PBXBuildFile section */

/* Begin PBXFileReference section */
		5D0B8B441C3FB70B005F5C1C /* AlienRunner.app */ = {isa = PBXFileReference; explicitFileType = wrapper.application; includeInIndex = 0; path = AlienRunner.app; sourceTree = BUILT_PRODUCTS_DIR; };
		5D0B8B481C3FB70B005F5C1C /* main.m */ = {isa = PBXFileReference; lastKnownFileType = sourcecode.c.objc; path = main.m; sourceTree = "<group>"; };
		5D0B8B4A1C3FB70B005F5C1C /* AppDelegate.h */ = {isa = PBXFileReference; lastKnownFileType = sourcecode.c.h; path = AppDelegate.h; sourceTree = "<group>"; };
		5D0B8B4B1C3FB70B005F5C1C /* AppDelegate.m */ = {isa = PBXFileReference; lastKnownFileType = sourcecode.c.objc; path = AppDelegate.m; sourceTree = "<group>"; };
		5D0B8B4D1C3FB70B005F5C1C /* GameScene.h */ = {isa = PBXFileReference; lastKnownFileType = sourcecode.c.h; path = GameScene.h; sourceTree = "<group>"; };
		5D0B8B4E1C3FB70B005F5C1C /* GameScene.m */ = {isa = PBXFileReference; lastKnownFileType = sourcecode.c.objc; path = GameScene.m; sourceTree = "<group>"; };
		5D0B8B501C3FB70B005F5C1C /* GameScene.sks */ = {isa = PBXFileReference; lastKnownFileType = file.sks; path = GameScene.sks; sourceTree = "<group>"; };
		5D0B8B521C3FB70B005F5C1C /* GameViewController.h */ = {isa = PBXFileReference; lastKnownFileType = sourcecode.c.h; path = GameViewController.h; sourceTree = "<group>"; };
		5D0B8B531C3FB70B005F5C1C /* GameViewController.m */ = {isa = PBXFileReference; lastKnownFileType = sourcecode.c.objc; path = GameViewController.m; sourceTree = "<group>"; };
		5D0B8B561C3FB70B005F5C1C /* Base */ = {isa = PBXFileReference; lastKnownFileType = file.storyboard; name = Base; path = Base.lproj/Main.storyboard; sourceTree = "<group>"; };
		5D0B8B581C3FB70C005F5C1C /* Assets.xcassets */ = {isa = PBXFileReference; lastKnownFileType = folder.assetcatalog; path = Assets.xcassets; sourceTree = "<group>"; };
		5D0B8B5B1C3FB70C005F5C1C /* Base */ = {isa = PBXFileReference; lastKnownFileType = file.storyboard; name = Base; path = Base.lproj/LaunchScreen.storyboard; sourceTree = "<group>"; };
		5D0B8B5D1C3FB70C005F5C1C /* Info.plist */ = {isa = PBXFileReference; lastKnownFileType = text.plist.xml; path = Info.plist; sourceTree = "<group>"; };
		5D0B8B661C3FCC9F005F5C1C /* LFCGzipUtility.h */ = {isa = PBXFileReference; fileEncoding = 4; lastKnownFileType = sourcecode.c.h; path = LFCGzipUtility.h; sourceTree = "<group>"; };
		5D0B8B671C3FCC9F005F5C1C /* LFCGzipUtility.m */ = {isa = PBXFileReference; fileEncoding = 4; lastKnownFileType = sourcecode.c.objc; path = LFCGzipUtility.m; sourceTree = "<group>"; };
		5D0B8B691C3FCCB7005F5C1C /* JSTileMap.h */ = {isa = PBXFileReference; fileEncoding = 4; lastKnownFileType = sourcecode.c.h; path = JSTileMap.h; sourceTree = "<group>"; };
		5D0B8B6A1C3FCCB7005F5C1C /* JSTileMap.m */ = {isa = PBXFileReference; fileEncoding = 4; lastKnownFileType = sourcecode.c.objc; path = JSTileMap.m; sourceTree = "<group>"; };
		5D0B8B731C3FDBA9005F5C1C /* p1_walk01.png */ = {isa = PBXFileReference; lastKnownFileType = image.png; path = p1_walk01.png; sourceTree = "<group>"; };
		5D0B8B741C3FDBA9005F5C1C /* p1_walk02.png */ = {isa = PBXFileReference; lastKnownFileType = image.png; path = p1_walk02.png; sourceTree = "<group>"; };
		5D0B8B751C3FDBA9005F5C1C /* p1_walk03.png */ = {isa = PBXFileReference; lastKnownFileType = image.png; path = p1_walk03.png; sourceTree = "<group>"; };
		5D0B8B761C3FDBA9005F5C1C /* p1_walk04.png */ = {isa = PBXFileReference; lastKnownFileType = image.png; path = p1_walk04.png; sourceTree = "<group>"; };
		5D0B8B771C3FDBA9005F5C1C /* p1_walk05.png */ = {isa = PBXFileReference; lastKnownFileType = image.png; path = p1_walk05.png; sourceTree = "<group>"; };
		5D0B8B781C3FDBA9005F5C1C /* p1_walk06.png */ = {isa = PBXFileReference; lastKnownFileType = image.png; path = p1_walk06.png; sourceTree = "<group>"; };
		5D0B8B791C3FDBA9005F5C1C /* p1_walk07.png */ = {isa = PBXFileReference; lastKnownFileType = image.png; path = p1_walk07.png; sourceTree = "<group>"; };
		5D0B8B7A1C3FDBA9005F5C1C /* p1_walk08.png */ = {isa = PBXFileReference; lastKnownFileType = image.png; path = p1_walk08.png; sourceTree = "<group>"; };
		5D0B8B7B1C3FDBA9005F5C1C /* p1_walk09.png */ = {isa = PBXFileReference; lastKnownFileType = image.png; path = p1_walk09.png; sourceTree = "<group>"; };
		5D0B8B7C1C3FDBA9005F5C1C /* p1_walk10.png */ = {isa = PBXFileReference; lastKnownFileType = image.png; path = p1_walk10.png; sourceTree = "<group>"; };
		5D0B8B7D1C3FDBA9005F5C1C /* p1_walk11.png */ = {isa = PBXFileReference; lastKnownFileType = image.png; path = p1_walk11.png; sourceTree = "<group>"; };
		5D0B8B8A1C3FDBDA005F5C1C /* p1_hurt.png */ = {isa = PBXFileReference; lastKnownFileType = image.png; path = p1_hurt.png; sourceTree = "<group>"; };
		5D0B8B8B1C3FDBDA005F5C1C /* p1_jump.png */ = {isa = PBXFileReference; lastKnownFileType = image.png; path = p1_jump.png; sourceTree = "<group>"; };
		5D0B8B8E1C3FDC2B005F5C1C /* Player.h */ = {isa = PBXFileReference; fileEncoding = 4; lastKnownFileType = sourcecode.c.h; path = Player.h; sourceTree = "<group>"; };
		5D0B8B8F1C3FDC2B005F5C1C /* Player.m */ = {isa = PBXFileReference; fileEncoding = 4; lastKnownFileType = sourcecode.c.objc; path = Player.m; sourceTree = "<group>"; };
		5D0B8B931C3FDD2C005F5C1C /* libz.tbd */ = {isa = PBXFileReference; lastKnownFileType = "sourcecode.text-based-dylib-definition"; name = libz.tbd; path = usr/lib/libz.tbd; sourceTree = SDKROOT; };
		5D0B8BA11C43A62E005F5C1C /* caveAtlas.png */ = {isa = PBXFileReference; lastKnownFileType = image.png; path = caveAtlas.png; sourceTree = "<group>"; };
		5D0B8BA31C43A634005F5C1C /* Level1.tmx */ = {isa = PBXFileReference; fileEncoding = 4; lastKnownFileType = text.xml; path = Level1.tmx; sourceTree = "<group>"; };
		5D0B8BA71C43AABC005F5C1C /* Level2.tmx */ = {isa = PBXFileReference; fileEncoding = 4; lastKnownFileType = text.xml; path = Level2.tmx; sourceTree = "<group>"; };
		5D0B8BA91C43AADE005F5C1C /* cobbleset-64_0.png */ = {isa = PBXFileReference; lastKnownFileType = image.png; path = "cobbleset-64_0.png"; sourceTree = "<group>"; };
		5D0B8BAC1C43E8E3005F5C1C /* ButtonAgain@2x.png */ = {isa = PBXFileReference; lastKnownFileType = image.png; path = "ButtonAgain@2x.png"; sourceTree = "<group>"; };
		5D0B8BAD1C43E8E3005F5C1C /* ButtonLevel@2x.png */ = {isa = PBXFileReference; lastKnownFileType = image.png; path = "ButtonLevel@2x.png"; sourceTree = "<group>"; };
		5D0B8BAE1C43E8E3005F5C1C /* ButtonPlay@2x.png */ = {isa = PBXFileReference; lastKnownFileType = image.png; path = "ButtonPlay@2x.png"; sourceTree = "<group>"; };
		5D0B8BAF1C43E8E3005F5C1C /* Level1@2x.png */ = {isa = PBXFileReference; lastKnownFileType = image.png; path = "Level1@2x.png"; sourceTree = "<group>"; };
		5D0B8BB01C43E8E3005F5C1C /* Level2@2x.png */ = {isa = PBXFileReference; lastKnownFileType = image.png; path = "Level2@2x.png"; sourceTree = "<group>"; };
		5D0B8BB11C43E8E3005F5C1C /* Level3@2x.png */ = {isa = PBXFileReference; lastKnownFileType = image.png; path = "Level3@2x.png"; sourceTree = "<group>"; };
		5D0B8BB21C43E8E3005F5C1C /* LevelLocked@2x.png */ = {isa = PBXFileReference; lastKnownFileType = image.png; path = "LevelLocked@2x.png"; sourceTree = "<group>"; };
		5D0B8BB41C43E8E3005F5C1C /* Click.caf */ = {isa = PBXFileReference; lastKnownFileType = file; path = Click.caf; sourceTree = "<group>"; };
		5D0B8BB51C43E8E3005F5C1C /* Collect.caf */ = {isa = PBXFileReference; lastKnownFileType = file; path = Collect.caf; sourceTree = "<group>"; };
		5D0B8BB61C43E8E3005F5C1C /* Crunch.caf */ = {isa = PBXFileReference; lastKnownFileType = file; path = Crunch.caf; sourceTree = "<group>"; };
		5D0B8BB71C43E8E3005F5C1C /* Engine.caf */ = {isa = PBXFileReference; lastKnownFileType = file; path = Engine.caf; sourceTree = "<group>"; };
		5D0B8BB81C43E8E3005F5C1C /* Rain.caf */ = {isa = PBXFileReference; lastKnownFileType = file; path = Rain.caf; sourceTree = "<group>"; };
		5D0B8BC51C43E94B005F5C1C /* MainMenuScene.h */ = {isa = PBXFileReference; fileEncoding = 4; lastKnownFileType = sourcecode.c.h; path = MainMenuScene.h; sourceTree = "<group>"; };
		5D0B8BC61C43E94B005F5C1C /* MainMenuScene.m */ = {isa = PBXFileReference; fileEncoding = 4; lastKnownFileType = sourcecode.c.objc; path = MainMenuScene.m; sourceTree = "<group>"; };
		5D0B8BC81C43EB94005F5C1C /* TPButton.h */ = {isa = PBXFileReference; fileEncoding = 4; lastKnownFileType = sourcecode.c.h; path = TPButton.h; sourceTree = "<group>"; };
		5D0B8BC91C43EB94005F5C1C /* TPButton.m */ = {isa = PBXFileReference; fileEncoding = 4; lastKnownFileType = sourcecode.c.objc; path = TPButton.m; sourceTree = "<group>"; };
		5D0B8BCB1C43EC60005F5C1C /* SoundManager.h */ = {isa = PBXFileReference; fileEncoding = 4; lastKnownFileType = sourcecode.c.h; path = SoundManager.h; sourceTree = "<group>"; };
		5D0B8BCC1C43EC60005F5C1C /* SoundManager.m */ = {isa = PBXFileReference; fileEncoding = 4; lastKnownFileType = sourcecode.c.objc; path = SoundManager.m; sourceTree = "<group>"; };
		5D0B8BCE1C43EF20005F5C1C /* LevelSelection.h */ = {isa = PBXFileReference; fileEncoding = 4; lastKnownFileType = sourcecode.c.h; path = LevelSelection.h; sourceTree = "<group>"; };
		5D0B8BCF1C43EF20005F5C1C /* LevelSelection.m */ = {isa = PBXFileReference; fileEncoding = 4; lastKnownFileType = sourcecode.c.objc; path = LevelSelection.m; sourceTree = "<group>"; };
/* End PBXFileReference section */

/* Begin PBXFrameworksBuildPhase section */
		5D0B8B411C3FB70B005F5C1C /* Frameworks */ = {
			isa = PBXFrameworksBuildPhase;
			buildActionMask = 2147483647;
			files = (
				5D0B8B941C3FDD2C005F5C1C /* libz.tbd in Frameworks */,
			);
			runOnlyForDeploymentPostprocessing = 0;
		};
/* End PBXFrameworksBuildPhase section */

/* Begin PBXGroup section */
		5D0B8B3B1C3FB70B005F5C1C = {
			isa = PBXGroup;
			children = (
				5D0B8B931C3FDD2C005F5C1C /* libz.tbd */,
				5D0B8B461C3FB70B005F5C1C /* AlienRunner */,
				5D0B8B451C3FB70B005F5C1C /* Products */,
			);
			sourceTree = "<group>";
		};
		5D0B8B451C3FB70B005F5C1C /* Products */ = {
			isa = PBXGroup;
			children = (
				5D0B8B441C3FB70B005F5C1C /* AlienRunner.app */,
			);
			name = Products;
			sourceTree = "<group>";
		};
		5D0B8B461C3FB70B005F5C1C /* AlienRunner */ = {
			isa = PBXGroup;
			children = (
				5D0B8B6E1C3FCEDF005F5C1C /* Maps */,
				5D0B8B731C3FDBA9005F5C1C /* p1_walk01.png */,
				5D0B8B4D1C3FB70B005F5C1C /* GameScene.h */,
				5D0B8B4E1C3FB70B005F5C1C /* GameScene.m */,
				5D0B8B501C3FB70B005F5C1C /* GameScene.sks */,
				5D0B8BC51C43E94B005F5C1C /* MainMenuScene.h */,
				5D0B8BC61C43E94B005F5C1C /* MainMenuScene.m */,
				5D0B8BCE1C43EF20005F5C1C /* LevelSelection.h */,
				5D0B8BCF1C43EF20005F5C1C /* LevelSelection.m */,
				5D0B8B521C3FB70B005F5C1C /* GameViewController.h */,
				5D0B8B531C3FB70B005F5C1C /* GameViewController.m */,
				5D0B8B661C3FCC9F005F5C1C /* LFCGzipUtility.h */,
				5D0B8B671C3FCC9F005F5C1C /* LFCGzipUtility.m */,
				5D0B8B691C3FCCB7005F5C1C /* JSTileMap.h */,
				5D0B8B6A1C3FCCB7005F5C1C /* JSTileMap.m */,
				5D0B8B8E1C3FDC2B005F5C1C /* Player.h */,
				5D0B8B8F1C3FDC2B005F5C1C /* Player.m */,
				5D0B8B551C3FB70B005F5C1C /* Main.storyboard */,
				5D0B8B581C3FB70C005F5C1C /* Assets.xcassets */,
				5D0B8B5A1C3FB70C005F5C1C /* LaunchScreen.storyboard */,
				5D0B8B5D1C3FB70C005F5C1C /* Info.plist */,
				5D0B8B471C3FB70B005F5C1C /* Supporting Files */,
			);
			path = AlienRunner;
			sourceTree = "<group>";
		};
		5D0B8B471C3FB70B005F5C1C /* Supporting Files */ = {
			isa = PBXGroup;
			children = (
				5D0B8BC81C43EB94005F5C1C /* TPButton.h */,
				5D0B8BC91C43EB94005F5C1C /* TPButton.m */,
				5D0B8BCB1C43EC60005F5C1C /* SoundManager.h */,
				5D0B8BCC1C43EC60005F5C1C /* SoundManager.m */,
				5D0B8B4A1C3FB70B005F5C1C /* AppDelegate.h */,
				5D0B8B4B1C3FB70B005F5C1C /* AppDelegate.m */,
				5D0B8BAB1C43E8E3005F5C1C /* AR48 */,
				5D0B8BB31C43E8E3005F5C1C /* TP114 */,
				5D0B8B891C3FDBB2005F5C1C /* Player */,
				5D0B8B481C3FB70B005F5C1C /* main.m */,
			);
			name = "Supporting Files";
			sourceTree = "<group>";
		};
		5D0B8B6E1C3FCEDF005F5C1C /* Maps */ = {
			isa = PBXGroup;
			children = (
				5D0B8BA91C43AADE005F5C1C /* cobbleset-64_0.png */,
				5D0B8BA71C43AABC005F5C1C /* Level2.tmx */,
				5D0B8BA31C43A634005F5C1C /* Level1.tmx */,
				5D0B8BA11C43A62E005F5C1C /* caveAtlas.png */,
			);
			name = Maps;
			sourceTree = "<group>";
		};
		5D0B8B891C3FDBB2005F5C1C /* Player */ = {
			isa = PBXGroup;
			children = (
				5D0B8B8A1C3FDBDA005F5C1C /* p1_hurt.png */,
				5D0B8B8B1C3FDBDA005F5C1C /* p1_jump.png */,
				5D0B8B741C3FDBA9005F5C1C /* p1_walk02.png */,
				5D0B8B751C3FDBA9005F5C1C /* p1_walk03.png */,
				5D0B8B761C3FDBA9005F5C1C /* p1_walk04.png */,
				5D0B8B771C3FDBA9005F5C1C /* p1_walk05.png */,
				5D0B8B781C3FDBA9005F5C1C /* p1_walk06.png */,
				5D0B8B791C3FDBA9005F5C1C /* p1_walk07.png */,
				5D0B8B7A1C3FDBA9005F5C1C /* p1_walk08.png */,
				5D0B8B7B1C3FDBA9005F5C1C /* p1_walk09.png */,
				5D0B8B7C1C3FDBA9005F5C1C /* p1_walk10.png */,
				5D0B8B7D1C3FDBA9005F5C1C /* p1_walk11.png */,
			);
			name = Player;
			sourceTree = "<group>";
		};
		5D0B8BAB1C43E8E3005F5C1C /* AR48 */ = {
			isa = PBXGroup;
			children = (
				5D0B8BAC1C43E8E3005F5C1C /* ButtonAgain@2x.png */,
				5D0B8BAD1C43E8E3005F5C1C /* ButtonLevel@2x.png */,
				5D0B8BAE1C43E8E3005F5C1C /* ButtonPlay@2x.png */,
				5D0B8BAF1C43E8E3005F5C1C /* Level1@2x.png */,
				5D0B8BB01C43E8E3005F5C1C /* Level2@2x.png */,
				5D0B8BB11C43E8E3005F5C1C /* Level3@2x.png */,
				5D0B8BB21C43E8E3005F5C1C /* LevelLocked@2x.png */,
			);
			path = AR48;
			sourceTree = "<group>";
		};
		5D0B8BB31C43E8E3005F5C1C /* TP114 */ = {
			isa = PBXGroup;
			children = (
				5D0B8BB41C43E8E3005F5C1C /* Click.caf */,
				5D0B8BB51C43E8E3005F5C1C /* Collect.caf */,
				5D0B8BB61C43E8E3005F5C1C /* Crunch.caf */,
				5D0B8BB71C43E8E3005F5C1C /* Engine.caf */,
				5D0B8BB81C43E8E3005F5C1C /* Rain.caf */,
			);
			path = TP114;
			sourceTree = "<group>";
		};
/* End PBXGroup section */

/* Begin PBXNativeTarget section */
		5D0B8B431C3FB70B005F5C1C /* AlienRunner */ = {
			isa = PBXNativeTarget;
			buildConfigurationList = 5D0B8B601C3FB70C005F5C1C /* Build configuration list for PBXNativeTarget "AlienRunner" */;
			buildPhases = (
				5D0B8B401C3FB70B005F5C1C /* Sources */,
				5D0B8B411C3FB70B005F5C1C /* Frameworks */,
				5D0B8B421C3FB70B005F5C1C /* Resources */,
			);
			buildRules = (
			);
			dependencies = (
			);
			name = AlienRunner;
			productName = AlienRunner;
			productReference = 5D0B8B441C3FB70B005F5C1C /* AlienRunner.app */;
			productType = "com.apple.product-type.application";
		};
/* End PBXNativeTarget section */

/* Begin PBXProject section */
		5D0B8B3C1C3FB70B005F5C1C /* Project object */ = {
			isa = PBXProject;
			attributes = {
				LastUpgradeCheck = 0710;
				ORGANIZATIONNAME = "Simeon Andreev";
				TargetAttributes = {
					5D0B8B431C3FB70B005F5C1C = {
						CreatedOnToolsVersion = 7.1.1;
					};
				};
			};
			buildConfigurationList = 5D0B8B3F1C3FB70B005F5C1C /* Build configuration list for PBXProject "AlienRunner" */;
			compatibilityVersion = "Xcode 3.2";
			developmentRegion = English;
			hasScannedForEncodings = 0;
			knownRegions = (
				en,
				Base,
			);
			mainGroup = 5D0B8B3B1C3FB70B005F5C1C;
			productRefGroup = 5D0B8B451C3FB70B005F5C1C /* Products */;
			projectDirPath = "";
			projectRoot = "";
			targets = (
				5D0B8B431C3FB70B005F5C1C /* AlienRunner */,
			);
		};
/* End PBXProject section */

/* Begin PBXResourcesBuildPhase section */
		5D0B8B421C3FB70B005F5C1C /* Resources */ = {
			isa = PBXResourcesBuildPhase;
			buildActionMask = 2147483647;
			files = (
				5D0B8BBD1C43E8E3005F5C1C /* Level2@2x.png in Resources */,
				5D0B8BBB1C43E8E3005F5C1C /* ButtonPlay@2x.png in Resources */,
				5D0B8B871C3FDBA9005F5C1C /* p1_walk10.png in Resources */,
				5D0B8B841C3FDBA9005F5C1C /* p1_walk07.png in Resources */,
				5D0B8B8D1C3FDBDA005F5C1C /* p1_jump.png in Resources */,
				5D0B8B851C3FDBA9005F5C1C /* p1_walk08.png in Resources */,
				5D0B8B801C3FDBA9005F5C1C /* p1_walk03.png in Resources */,
				5D0B8BBA1C43E8E3005F5C1C /* ButtonLevel@2x.png in Resources */,
				5D0B8BC01C43E8E3005F5C1C /* Click.caf in Resources */,
				5D0B8B511C3FB70B005F5C1C /* GameScene.sks in Resources */,
				5D0B8BA41C43A634005F5C1C /* Level1.tmx in Resources */,
				5D0B8B7F1C3FDBA9005F5C1C /* p1_walk02.png in Resources */,
				5D0B8B7E1C3FDBA9005F5C1C /* p1_walk01.png in Resources */,
				5D0B8BBE1C43E8E3005F5C1C /* Level3@2x.png in Resources */,
				5D0B8B5C1C3FB70C005F5C1C /* LaunchScreen.storyboard in Resources */,
				5D0B8B8C1C3FDBDA005F5C1C /* p1_hurt.png in Resources */,
				5D0B8B881C3FDBA9005F5C1C /* p1_walk11.png in Resources */,
				5D0B8B591C3FB70C005F5C1C /* Assets.xcassets in Resources */,
				5D0B8BBF1C43E8E3005F5C1C /* LevelLocked@2x.png in Resources */,
				5D0B8BC41C43E8E3005F5C1C /* Rain.caf in Resources */,
				5D0B8BA21C43A62E005F5C1C /* caveAtlas.png in Resources */,
				5D0B8B811C3FDBA9005F5C1C /* p1_walk04.png in Resources */,
				5D0B8BC21C43E8E3005F5C1C /* Crunch.caf in Resources */,
				5D0B8BC11C43E8E3005F5C1C /* Collect.caf in Resources */,
				5D0B8B571C3FB70B005F5C1C /* Main.storyboard in Resources */,
				5D0B8BC31C43E8E3005F5C1C /* Engine.caf in Resources */,
				5D0B8B831C3FDBA9005F5C1C /* p1_walk06.png in Resources */,
				5D0B8BBC1C43E8E3005F5C1C /* Level1@2x.png in Resources */,
				5D0B8BAA1C43AADE005F5C1C /* cobbleset-64_0.png in Resources */,
				5D0B8B861C3FDBA9005F5C1C /* p1_walk09.png in Resources */,
				5D0B8BB91C43E8E3005F5C1C /* ButtonAgain@2x.png in Resources */,
				5D0B8B821C3FDBA9005F5C1C /* p1_walk05.png in Resources */,
				5D0B8BA81C43AABC005F5C1C /* Level2.tmx in Resources */,
			);
			runOnlyForDeploymentPostprocessing = 0;
		};
/* End PBXResourcesBuildPhase section */

/* Begin PBXSourcesBuildPhase section */
		5D0B8B401C3FB70B005F5C1C /* Sources */ = {
			isa = PBXSourcesBuildPhase;
			buildActionMask = 2147483647;
			files = (
				5D0B8B541C3FB70B005F5C1C /* GameViewController.m in Sources */,
				5D0B8B681C3FCC9F005F5C1C /* LFCGzipUtility.m in Sources */,
				5D0B8BC71C43E94B005F5C1C /* MainMenuScene.m in Sources */,
				5D0B8BCD1C43EC60005F5C1C /* SoundManager.m in Sources */,
				5D0B8B4C1C3FB70B005F5C1C /* AppDelegate.m in Sources */,
				5D0B8BCA1C43EB94005F5C1C /* TPButton.m in Sources */,
				5D0B8B6B1C3FCCB7005F5C1C /* JSTileMap.m in Sources */,
				5D0B8B4F1C3FB70B005F5C1C /* GameScene.m in Sources */,
				5D0B8B901C3FDC2B005F5C1C /* Player.m in Sources */,
				5D0B8B491C3FB70B005F5C1C /* main.m in Sources */,
				5D0B8BD01C43EF20005F5C1C /* LevelSelection.m in Sources */,
			);
			runOnlyForDeploymentPostprocessing = 0;
		};
/* End PBXSourcesBuildPhase section */

/* Begin PBXVariantGroup section */
		5D0B8B551C3FB70B005F5C1C /* Main.storyboard */ = {
			isa = PBXVariantGroup;
			children = (
				5D0B8B561C3FB70B005F5C1C /* Base */,
			);
			name = Main.storyboard;
			sourceTree = "<group>";
		};
		5D0B8B5A1C3FB70C005F5C1C /* LaunchScreen.storyboard */ = {
			isa = PBXVariantGroup;
			children = (
				5D0B8B5B1C3FB70C005F5C1C /* Base */,
			);
			name = LaunchScreen.storyboard;
			sourceTree = "<group>";
		};
/* End PBXVariantGroup section */

/* Begin XCBuildConfiguration section */
		5D0B8B5E1C3FB70C005F5C1C /* Debug */ = {
			isa = XCBuildConfiguration;
			buildSettings = {
				ALWAYS_SEARCH_USER_PATHS = NO;
				CLANG_CXX_LANGUAGE_STANDARD = "gnu++0x";
				CLANG_CXX_LIBRARY = "libc++";
				CLANG_ENABLE_MODULES = YES;
				CLANG_ENABLE_OBJC_ARC = YES;
				CLANG_WARN_BOOL_CONVERSION = YES;
				CLANG_WARN_CONSTANT_CONVERSION = YES;
				CLANG_WARN_DIRECT_OBJC_ISA_USAGE = YES_ERROR;
				CLANG_WARN_EMPTY_BODY = YES;
				CLANG_WARN_ENUM_CONVERSION = YES;
				CLANG_WARN_INT_CONVERSION = YES;
				CLANG_WARN_OBJC_ROOT_CLASS = YES_ERROR;
				CLANG_WARN_UNREACHABLE_CODE = YES;
				CLANG_WARN__DUPLICATE_METHOD_MATCH = YES;
				"CODE_SIGN_IDENTITY[sdk=iphoneos*]" = "iPhone Developer";
				COPY_PHASE_STRIP = NO;
				DEBUG_INFORMATION_FORMAT = "dwarf-with-dsym";
				ENABLE_STRICT_OBJC_MSGSEND = YES;
				ENABLE_TESTABILITY = YES;
				GCC_C_LANGUAGE_STANDARD = gnu99;
				GCC_DYNAMIC_NO_PIC = NO;
				GCC_NO_COMMON_BLOCKS = YES;
				GCC_OPTIMIZATION_LEVEL = 0;
				GCC_PREPROCESSOR_DEFINITIONS = (
					"DEBUG=1",
					"$(inherited)",
				);
				GCC_WARN_64_TO_32_BIT_CONVERSION = YES;
				GCC_WARN_ABOUT_RETURN_TYPE = YES_ERROR;
				GCC_WARN_UNDECLARED_SELECTOR = YES;
				GCC_WARN_UNINITIALIZED_AUTOS = YES_AGGRESSIVE;
				GCC_WARN_UNUSED_FUNCTION = YES;
				GCC_WARN_UNUSED_VARIABLE = YES;
				IPHONEOS_DEPLOYMENT_TARGET = 9.1;
				MTL_ENABLE_DEBUG_INFO = YES;
				ONLY_ACTIVE_ARCH = YES;
				SDKROOT = iphoneos;
				TARGETED_DEVICE_FAMILY = "1,2";
			};
			name = Debug;
		};
		5D0B8B5F1C3FB70C005F5C1C /* Release */ = {
			isa = XCBuildConfiguration;
			buildSettings = {
				ALWAYS_SEARCH_USER_PATHS = NO;
				CLANG_CXX_LANGUAGE_STANDARD = "gnu++0x";
				CLANG_CXX_LIBRARY = "libc++";
				CLANG_ENABLE_MODULES = YES;
				CLANG_ENABLE_OBJC_ARC = YES;
				CLANG_WARN_BOOL_CONVERSION = YES;
				CLANG_WARN_CONSTANT_CONVERSION = YES;
				CLANG_WARN_DIRECT_OBJC_ISA_USAGE = YES_ERROR;
				CLANG_WARN_EMPTY_BODY = YES;
				CLANG_WARN_ENUM_CONVERSION = YES;
				CLANG_WARN_INT_CONVERSION = YES;
				CLANG_WARN_OBJC_ROOT_CLASS = YES_ERROR;
				CLANG_WARN_UNREACHABLE_CODE = YES;
				CLANG_WARN__DUPLICATE_METHOD_MATCH = YES;
				"CODE_SIGN_IDENTITY[sdk=iphoneos*]" = "iPhone Developer";
				COPY_PHASE_STRIP = NO;
				DEBUG_INFORMATION_FORMAT = "dwarf-with-dsym";
				ENABLE_NS_ASSERTIONS = NO;
				ENABLE_STRICT_OBJC_MSGSEND = YES;
				GCC_C_LANGUAGE_STANDARD = gnu99;
				GCC_NO_COMMON_BLOCKS = YES;
				GCC_WARN_64_TO_32_BIT_CONVERSION = YES;
				GCC_WARN_ABOUT_RETURN_TYPE = YES_ERROR;
				GCC_WARN_UNDECLARED_SELECTOR = YES;
				GCC_WARN_UNINITIALIZED_AUTOS = YES_AGGRESSIVE;
				GCC_WARN_UNUSED_FUNCTION = YES;
				GCC_WARN_UNUSED_VARIABLE = YES;
				IPHONEOS_DEPLOYMENT_TARGET = 9.1;
				MTL_ENABLE_DEBUG_INFO = NO;
				SDKROOT = iphoneos;
				TARGETED_DEVICE_FAMILY = "1,2";
				VALIDATE_PRODUCT = YES;
			};
			name = Release;
		};
		5D0B8B611C3FB70C005F5C1C /* Debug */ = {
			isa = XCBuildConfiguration;
			buildSettings = {
				ASSETCATALOG_COMPILER_APPICON_NAME = AppIcon;
				INFOPLIST_FILE = AlienRunner/Info.plist;
				LD_RUNPATH_SEARCH_PATHS = "$(inherited) @executable_path/Frameworks";
				LIBRARY_SEARCH_PATHS = (
					"$(inherited)",
					"$(SDKROOT)/usr/lib/system",
				);
				PRODUCT_BUNDLE_IDENTIFIER = bianor.AlienRunner;
				PRODUCT_NAME = "$(TARGET_NAME)";
			};
			name = Debug;
		};
		5D0B8B621C3FB70C005F5C1C /* Release */ = {
			isa = XCBuildConfiguration;
			buildSettings = {
				ASSETCATALOG_COMPILER_APPICON_NAME = AppIcon;
				INFOPLIST_FILE = AlienRunner/Info.plist;
				LD_RUNPATH_SEARCH_PATHS = "$(inherited) @executable_path/Frameworks";
				LIBRARY_SEARCH_PATHS = (
					"$(inherited)",
					"$(SDKROOT)/usr/lib/system",
				);
				PRODUCT_BUNDLE_IDENTIFIER = bianor.AlienRunner;
				PRODUCT_NAME = "$(TARGET_NAME)";
			};
			name = Release;
		};
/* End XCBuildConfiguration section */

/* Begin XCConfigurationList section */
		5D0B8B3F1C3FB70B005F5C1C /* Build configuration list for PBXProject "AlienRunner" */ = {
			isa = XCConfigurationList;
			buildConfigurations = (
				5D0B8B5E1C3FB70C005F5C1C /* Debug */,
				5D0B8B5F1C3FB70C005F5C1C /* Release */,
			);
			defaultConfigurationIsVisible = 0;
			defaultConfigurationName = Release;
		};
		5D0B8B601C3FB70C005F5C1C /* Build configuration list for PBXNativeTarget "AlienRunner" */ = {
			isa = XCConfigurationList;
			buildConfigurations = (
				5D0B8B611C3FB70C005F5C1C /* Debug */,
				5D0B8B621C3FB70C005F5C1C /* Release */,
			);
			defaultConfigurationIsVisible = 0;
			defaultConfigurationName = Release;
		};
/* End XCConfigurationList section */
	};
	rootObject = 5D0B8B3C1C3FB70B005F5C1C /* Project object */;
}
